
Microsoft Visual Studio Solution File, Format Version 12.00
# Visual Studio 15
VisualStudioVersion = 15.0.26124.0
MinimumVisualStudioVersion = 15.0.26124.0
Project("{2150E333-8FDC-42A3-9474-1A3956D46DE8}") = "src", "src", "{07943034-0286-475B-AD49-B10C904761B2}"
EndProject
Project("{FAE04EC0-301F-11D3-BF4B-00C04F79EFBC}") = "UpdateInventoryLambda", "src\UpdateInventoryLambda\UpdateInventoryLambda.csproj", "{1981011B-1A0D-4791-B0FA-412D535C9806}"
EndProject
Project("{2150E333-8FDC-42A3-9474-1A3956D46DE8}") = "test", "test", "{C6A2ACFE-E36D-4A93-976C-302597A3EF83}"
EndProject
Project("{FAE04EC0-301F-11D3-BF4B-00C04F79EFBC}") = "UpdateInventoryLambda.Tests", "test\UpdateInventoryLambda.Tests\UpdateInventoryLambda.Tests.csproj", "{6F485647-9268-4459-8D12-977A4A34B458}"
EndProject
Global
	GlobalSection(SolutionConfigurationPlatforms) = preSolution
		Debug|Any CPU = Debug|Any CPU
		Debug|x64 = Debug|x64
		Debug|x86 = Debug|x86
		Release|Any CPU = Release|Any CPU
		Release|x64 = Release|x64
		Release|x86 = Release|x86
	EndGlobalSection
	GlobalSection(SolutionProperties) = preSolution
		HideSolutionNode = FALSE
	EndGlobalSection
	GlobalSection(ProjectConfigurationPlatforms) = postSolution
		{1981011B-1A0D-4791-B0FA-412D535C9806}.Debug|Any CPU.ActiveCfg = Debug|Any CPU
		{1981011B-1A0D-4791-B0FA-412D535C9806}.Debug|Any CPU.Build.0 = Debug|Any CPU
		{1981011B-1A0D-4791-B0FA-412D535C9806}.Debug|x64.ActiveCfg = Debug|Any CPU
		{1981011B-1A0D-4791-B0FA-412D535C9806}.Debug|x64.Build.0 = Debug|Any CPU
		{1981011B-1A0D-4791-B0FA-412D535C9806}.Debug|x86.ActiveCfg = Debug|Any CPU
		{1981011B-1A0D-4791-B0FA-412D535C9806}.Debug|x86.Build.0 = Debug|Any CPU
		{1981011B-1A0D-4791-B0FA-412D535C9806}.Release|Any CPU.ActiveCfg = Release|Any CPU
		{1981011B-1A0D-4791-B0FA-412D535C9806}.Release|Any CPU.Build.0 = Release|Any CPU
		{1981011B-1A0D-4791-B0FA-412D535C9806}.Release|x64.ActiveCfg = Release|Any CPU
		{1981011B-1A0D-4791-B0FA-412D535C9806}.Release|x64.Build.0 = Release|Any CPU
		{1981011B-1A0D-4791-B0FA-412D535C9806}.Release|x86.ActiveCfg = Release|Any CPU
		{1981011B-1A0D-4791-B0FA-412D535C9806}.Release|x86.Build.0 = Release|Any CPU
		{6F485647-9268-4459-8D12-977A4A34B458}.Debug|Any CPU.ActiveCfg = Debug|Any CPU
		{6F485647-9268-4459-8D12-977A4A34B458}.Debug|Any CPU.Build.0 = Debug|Any CPU
		{6F485647-9268-4459-8D12-977A4A34B458}.Debug|x64.ActiveCfg = Debug|Any CPU
		{6F485647-9268-4459-8D12-977A4A34B458}.Debug|x64.Build.0 = Debug|Any CPU
		{6F485647-9268-4459-8D12-977A4A34B458}.Debug|x86.ActiveCfg = Debug|Any CPU
		{6F485647-9268-4459-8D12-977A4A34B458}.Debug|x86.Build.0 = Debug|Any CPU
		{6F485647-9268-4459-8D12-977A4A34B458}.Release|Any CPU.ActiveCfg = Release|Any CPU
		{6F485647-9268-4459-8D12-977A4A34B458}.Release|Any CPU.Build.0 = Release|Any CPU
		{6F485647-9268-4459-8D12-977A4A34B458}.Release|x64.ActiveCfg = Release|Any CPU
		{6F485647-9268-4459-8D12-977A4A34B458}.Release|x64.Build.0 = Release|Any CPU
		{6F485647-9268-4459-8D12-977A4A34B458}.Release|x86.ActiveCfg = Release|Any CPU
		{6F485647-9268-4459-8D12-977A4A34B458}.Release|x86.Build.0 = Release|Any CPU
	EndGlobalSection
	GlobalSection(NestedProjects) = preSolution
		{1981011B-1A0D-4791-B0FA-412D535C9806} = {07943034-0286-475B-AD49-B10C904761B2}
		{6F485647-9268-4459-8D12-977A4A34B458} = {C6A2ACFE-E36D-4A93-976C-302597A3EF83}
	EndGlobalSection
EndGlobal
