{
  "version": 4,
  "terraform_version": "0.14.7",
  "serial": 46,
  "lineage": "94ff616a-ab5e-36f1-e1b7-2fecd998e015",
  "outputs": {},
  "resources": [
    {
      "mode": "data",
      "type": "aws_caller_identity",
      "name": "current",
      "provider": "provider[\"registry.terraform.io/hashicorp/aws\"]",
      "instances": [
        {
          "schema_version": 0,
          "attributes": {
            "account_id": "590316689173",
            "arn": "arn:aws:iam::590316689173:user/gharris@axian.com",
            "id": "590316689173",
            "user_id": "AIDAYS4M524KSUOVR4QLB"
          },
          "sensitive_attributes": []
        }
      ]
    },
    {
      "mode": "managed",
      "type": "aws_dynamodb_table",
      "name": "db",
      "provider": "provider[\"registry.terraform.io/hashicorp/aws\"]",
      "instances": [
        {
          "schema_version": 1,
          "attributes": {
            "arn": "arn:aws:dynamodb:us-west-2:590316689173:table/PurchaseOrders-gjh",
            "attribute": [
              {
                "name": "PurchaseId",
                "type": "S"
              }
            ],
            "billing_mode": "PAY_PER_REQUEST",
            "global_secondary_index": [],
            "hash_key": "PurchaseId",
            "id": "PurchaseOrders-gjh",
            "local_secondary_index": [],
            "name": "PurchaseOrders-gjh",
            "point_in_time_recovery": [
              {
                "enabled": false
              }
            ],
            "range_key": null,
            "read_capacity": 0,
            "replica": [],
            "server_side_encryption": [],
            "stream_arn": "arn:aws:dynamodb:us-west-2:590316689173:table/PurchaseOrders-gjh/stream/2021-03-10T18:43:11.162",
            "stream_enabled": true,
            "stream_label": "2021-03-10T18:43:11.162",
            "stream_view_type": "NEW_IMAGE",
            "tags": {},
            "timeouts": null,
            "ttl": [
              {
                "attribute_name": "",
                "enabled": false
              }
            ],
            "write_capacity": 0
          },
          "sensitive_attributes": [],
          "private": "eyJlMmJmYjczMC1lY2FhLTExZTYtOGY4OC0zNDM2M2JjN2M0YzAiOnsiY3JlYXRlIjo2MDAwMDAwMDAwMDAsImRlbGV0ZSI6NjAwMDAwMDAwMDAwLCJ1cGRhdGUiOjM2MDAwMDAwMDAwMDB9LCJzY2hlbWFfdmVyc2lvbiI6IjEifQ=="
        }
      ]
    },
    {
      "mode": "managed",
      "type": "aws_iam_role",
      "name": "iam_for_lambda",
      "provider": "provider[\"registry.terraform.io/hashicorp/aws\"]",
      "instances": [
        {
          "schema_version": 0,
          "attributes": {
            "arn": "arn:aws:iam::590316689173:role/iam_for_lambda-gjh",
            "assume_role_policy": "{\"Version\":\"2012-10-17\",\"Statement\":[{\"Sid\":\"\",\"Effect\":\"Allow\",\"Principal\":{\"Service\":\"lambda.amazonaws.com\"},\"Action\":\"sts:AssumeRole\"}]}",
            "create_date": "2021-03-10T18:01:59Z",
            "description": "",
            "force_detach_policies": false,
            "id": "iam_for_lambda-gjh",
            "inline_policy": [
              {
                "name": "",
                "policy": ""
              }
            ],
            "managed_policy_arns": [],
            "max_session_duration": 3600,
            "name": "iam_for_lambda-gjh",
            "name_prefix": null,
            "path": "/",
            "permissions_boundary": null,
            "tags": {},
            "unique_id": "AROAYS4M524KWB2NPTRQX"
          },
          "sensitive_attributes": [],
          "private": "bnVsbA=="
        }
      ]
    },
    {
      "mode": "managed",
      "type": "aws_iam_role",
      "name": "iam_for_sfn",
      "provider": "provider[\"registry.terraform.io/hashicorp/aws\"]",
      "instances": [
        {
          "schema_version": 0,
          "attributes": {
            "arn": "arn:aws:iam::590316689173:role/iam_for_sfn_assume_role-gjh",
            "assume_role_policy": "{\"Version\":\"2012-10-17\",\"Statement\":[{\"Sid\":\"\",\"Effect\":\"Allow\",\"Principal\":{\"Service\":\"states.amazonaws.com\"},\"Action\":\"sts:AssumeRole\"}]}",
            "create_date": "2021-03-10T18:01:59Z",
            "description": "",
            "force_detach_policies": false,
            "id": "iam_for_sfn_assume_role-gjh",
            "inline_policy": [
              {
                "name": "iam_for_sfn_main-gjh",
                "policy": "{\n  \"Version\": \"2012-10-17\",\n  \"Statement\": [\n      {\n            \"Effect\": \"Allow\",\n            \"Action\": [\n                \"lambda:InvokeFunction\"\n            ],\n            \"Resource\": [\n                \"arn:aws:lambda:us-west-2:590316689173:function:*\"\n            ]\n        }\n    ]\n}\n"
              }
            ],
            "managed_policy_arns": [],
            "max_session_duration": 3600,
            "name": "iam_for_sfn_assume_role-gjh",
            "name_prefix": null,
            "path": "/",
            "permissions_boundary": null,
            "tags": {},
            "unique_id": "AROAYS4M524KSZAFBE6LS"
          },
          "sensitive_attributes": [],
          "private": "bnVsbA=="
        }
      ]
    },
    {
      "mode": "managed",
      "type": "aws_iam_role_policy",
      "name": "iam_policy_for_sfn",
      "provider": "provider[\"registry.terraform.io/hashicorp/aws\"]",
      "instances": [
        {
          "schema_version": 0,
          "attributes": {
            "id": "iam_for_sfn_assume_role-gjh:iam_for_sfn_main_role-gjh",
            "name": "iam_for_sfn_main_role-gjh",
            "name_prefix": null,
            "policy": "{\n  \"Version\": \"2012-10-17\",\n  \"Statement\": [\n      {\n            \"Effect\": \"Allow\",\n            \"Action\": [\n                \"lambda:InvokeFunction\"\n            ],\n            \"Resource\": [\n                \"arn:aws:lambda:us-west-2:590316689173:function:*\"\n            ]\n        }\n    ]\n}\n",
            "role": "iam_for_sfn_assume_role-gjh"
          },
          "sensitive_attributes": [],
          "private": "bnVsbA==",
          "dependencies": [
            "aws_iam_role.iam_for_sfn",
            "data.aws_caller_identity.current"
          ]
        }
      ]
    },
    {
      "mode": "managed",
      "type": "aws_lambda_function",
      "name": "data_lambda",
      "provider": "provider[\"registry.terraform.io/hashicorp/aws\"]",
      "instances": [
        {
          "schema_version": 0,
          "attributes": {
            "arn": "arn:aws:lambda:us-west-2:590316689173:function:get-inventory-data-gjh",
            "code_signing_config_arn": "",
            "dead_letter_config": [],
            "description": "",
            "environment": [],
            "file_system_config": [],
            "filename": "../GetDataLambda/src/GetDataLambda/bin/Release/netcoreapp3.1/GetDataLambda.zip",
            "function_name": "get-inventory-data-gjh",
            "handler": "GetDataLambda::GetDataLambda.Functions::Get",
            "id": "get-inventory-data-gjh",
            "image_config": [],
            "image_uri": "",
            "invoke_arn": "arn:aws:apigateway:us-west-2:lambda:path/2015-03-31/functions/arn:aws:lambda:us-west-2:590316689173:function:get-inventory-data-gjh/invocations",
            "kms_key_arn": "",
            "last_modified": "2021-03-10T18:43:26.364+0000",
            "layers": null,
            "memory_size": 128,
            "package_type": "Zip",
            "publish": false,
            "qualified_arn": "arn:aws:lambda:us-west-2:590316689173:function:get-inventory-data-gjh:$LATEST",
            "reserved_concurrent_executions": -1,
            "role": "arn:aws:iam::590316689173:role/iam_for_lambda-gjh",
            "runtime": "dotnetcore3.1",
            "s3_bucket": null,
            "s3_key": null,
            "s3_object_version": null,
            "signing_job_arn": "",
            "signing_profile_version_arn": "",
            "source_code_hash": "ojW4V3nQLsTXp7woGzddf7Rzt6BEzFwtuM+qVoXGTgY=",
            "source_code_size": 2386872,
            "tags": null,
            "timeout": 3,
            "timeouts": null,
            "tracing_config": [
              {
                "mode": "PassThrough"
              }
            ],
            "version": "$LATEST",
            "vpc_config": []
          },
          "sensitive_attributes": [],
          "private": "eyJlMmJmYjczMC1lY2FhLTExZTYtOGY4OC0zNDM2M2JjN2M0YzAiOnsiY3JlYXRlIjo2MDAwMDAwMDAwMDB9fQ==",
          "dependencies": [
            "aws_iam_role.iam_for_lambda"
          ]
        }
      ]
    },
    {
      "mode": "managed",
      "type": "aws_lambda_function",
      "name": "insert_lambda",
      "provider": "provider[\"registry.terraform.io/hashicorp/aws\"]",
      "instances": [
        {
          "schema_version": 0,
          "attributes": {
            "arn": "arn:aws:lambda:us-west-2:590316689173:function:insert-inventory-gjh",
            "code_signing_config_arn": "",
            "dead_letter_config": [],
            "description": "",
            "environment": [],
            "file_system_config": [],
            "filename": "../GetDataLambda/src/GetDataLambda/bin/Release/netcoreapp3.1/GetDataLambda.zip",
            "function_name": "insert-inventory-gjh",
            "handler": "GetDataLambda::GetDataLambda.Functions::Get",
            "id": "insert-inventory-gjh",
            "image_config": [],
            "image_uri": "",
            "invoke_arn": "arn:aws:apigateway:us-west-2:lambda:path/2015-03-31/functions/arn:aws:lambda:us-west-2:590316689173:function:insert-inventory-gjh/invocations",
            "kms_key_arn": "",
            "last_modified": "2021-03-10T18:43:19.375+0000",
            "layers": null,
            "memory_size": 128,
            "package_type": "Zip",
            "publish": false,
            "qualified_arn": "arn:aws:lambda:us-west-2:590316689173:function:insert-inventory-gjh:$LATEST",
            "reserved_concurrent_executions": -1,
            "role": "arn:aws:iam::590316689173:role/iam_for_lambda-gjh",
            "runtime": "dotnetcore3.1",
            "s3_bucket": null,
            "s3_key": null,
            "s3_object_version": null,
            "signing_job_arn": "",
            "signing_profile_version_arn": "",
            "source_code_hash": "ojW4V3nQLsTXp7woGzddf7Rzt6BEzFwtuM+qVoXGTgY=",
            "source_code_size": 2386872,
            "tags": null,
            "timeout": 3,
            "timeouts": null,
            "tracing_config": [
              {
                "mode": "PassThrough"
              }
            ],
            "version": "$LATEST",
            "vpc_config": []
          },
          "sensitive_attributes": [],
          "private": "eyJlMmJmYjczMC1lY2FhLTExZTYtOGY4OC0zNDM2M2JjN2M0YzAiOnsiY3JlYXRlIjo2MDAwMDAwMDAwMDB9fQ==",
          "dependencies": [
            "aws_iam_role.iam_for_lambda"
          ]
        }
      ]
    },
    {
      "mode": "managed",
      "type": "aws_lambda_function",
      "name": "streamer_lambda",
      "provider": "provider[\"registry.terraform.io/hashicorp/aws\"]",
      "instances": [
        {
          "schema_version": 0,
          "attributes": {
            "arn": "arn:aws:lambda:us-west-2:590316689173:function:stream-purchase-gjh",
            "code_signing_config_arn": "",
            "dead_letter_config": [],
            "description": "",
            "environment": [],
            "file_system_config": [],
            "filename": "../GetDataLambda/src/GetDataLambda/bin/Release/netcoreapp3.1/GetDataLambda.zip",
            "function_name": "stream-purchase-gjh",
            "handler": "GetDataLambda::GetDataLambda.Functions::Get",
            "id": "stream-purchase-gjh",
            "image_config": [],
            "image_uri": "",
            "invoke_arn": "arn:aws:apigateway:us-west-2:lambda:path/2015-03-31/functions/arn:aws:lambda:us-west-2:590316689173:function:stream-purchase-gjh/invocations",
            "kms_key_arn": "",
            "last_modified": "2021-03-10T18:43:12.340+0000",
            "layers": null,
            "memory_size": 128,
            "package_type": "Zip",
            "publish": false,
            "qualified_arn": "arn:aws:lambda:us-west-2:590316689173:function:stream-purchase-gjh:$LATEST",
            "reserved_concurrent_executions": -1,
            "role": "arn:aws:iam::590316689173:role/iam_for_lambda-gjh",
            "runtime": "dotnetcore3.1",
            "s3_bucket": null,
            "s3_key": null,
            "s3_object_version": null,
            "signing_job_arn": "",
            "signing_profile_version_arn": "",
            "source_code_hash": "ojW4V3nQLsTXp7woGzddf7Rzt6BEzFwtuM+qVoXGTgY=",
            "source_code_size": 2386872,
            "tags": null,
            "timeout": 3,
            "timeouts": null,
            "tracing_config": [
              {
                "mode": "PassThrough"
              }
            ],
            "version": "$LATEST",
            "vpc_config": []
          },
          "sensitive_attributes": [],
          "private": "eyJlMmJmYjczMC1lY2FhLTExZTYtOGY4OC0zNDM2M2JjN2M0YzAiOnsiY3JlYXRlIjo2MDAwMDAwMDAwMDB9fQ==",
          "dependencies": [
            "aws_iam_role.iam_for_lambda"
          ]
        }
      ]
    },
    {
      "mode": "managed",
      "type": "aws_sfn_state_machine",
      "name": "sfn_state_machine",
      "provider": "provider[\"registry.terraform.io/hashicorp/aws\"]",
      "instances": [
        {
          "schema_version": 0,
          "attributes": {
            "arn": "arn:aws:states:us-west-2:590316689173:stateMachine:inventory-import-gjh",
            "creation_date": "2021-03-10T18:02:16Z",
            "definition": "{\n  \"Comment\": \"A Hello World example of the Amazon States Language using Pass states\",\n  \"StartAt\": \"Map State\",\n  \"States\": {\n    \"Map State\": {\n      \"ItemsPath\": \"$.PurchasedInventory\",\n      \"Type\": \"Map\",\n      \"MaxConcurrency\": 0,\n      \"Iterator\": {\n        \"StartAt\": \"GetStockInfo\",\n        \"States\": {\n          \"GetStockInfo\": {\n            \"Type\": \"Task\",\n            \"Resource\": \"arn:aws:states:::lambda:invoke\",\n            \"Parameters\": {\n              \"FunctionName\": \"arn:aws:lambda:us-west-2:590316689173:function:get-inventory-data-gjh\",\n              \"Payload.$\": \"$\"\n            },\n            \"ResultPath\": \"$\",\n            \"OutputPath\":\"$.Payload\",\n            \"Next\": \"StockItemExists\"\n          },\n          \"StockItemExists\": {\n            \"Type\": \"Choice\",\n            \"Choices\": [\n              {\n                \"Variable\": \"$.StockItemExists\",\n                \"BooleanEquals\": false,\n                \"Next\": \"AddNewStock\"\n              },\n              {\n                \"Variable\": \"$.StockItemExists\",\n                \"BooleanEquals\": true,\n                \"Next\": \"UpdateInventoryQty\"\n              }\n            ]\n          },\n          \"AddNewStock\": {\n            \"Type\": \"Parallel\",\n            \"Next\": \"CombineResults\",\n            \"ResultPath\": \"$.lambdaResults\",\n            \"Branches\": [\n              {\n                \"StartAt\": \"ColorExists\",\n                \"States\": {\n                  \"ColorExists\": {\n                    \"Type\": \"Choice\",\n                    \"Choices\": [\n                      {\n                        \"Variable\": \"$.ColorExists\",\n                        \"BooleanEquals\": false,\n                        \"Next\": \"InsertColor\"\n                      },\n                      {\n                        \"Variable\": \"$.ColorExists\",\n                        \"BooleanEquals\": true,\n                        \"Next\": \"SkipColorCreation\"\n                      }\n                    ]\n                  },\n                  \"InsertColor\": {\n                    \"Type\": \"Task\",\n                    \"Resource\": \"arn:aws:states:::lambda:invoke\",\n                    \"Parameters\": {\n                      \"FunctionName\": \"arn:aws:lambda:us-west-2:590316689173:function:get-inventory-data-gjh\",\n                      \"Payload\": {\n                        \"OperationName\": \"InsertColor\",\n                        \"StockResult.$\": \"$\"\n                      }\n                    },\n                    \"ResultPath\": \"$\",\n                    \"OutputPath\":\"$.Payload.Color\",\n                    \"End\": true\n                  },\n                  \"SkipColorCreation\": {\n                    \"Type\": \"Pass\",\n                    \"OutputPath\":\"$.Color\",\n                    \"End\": true\n                  }\n                }\n              },\n              {\n                \"StartAt\": \"PackageTypeExists\",\n                \"States\": {\n                  \"PackageTypeExists\": {\n                    \"Type\": \"Choice\",\n                    \"Choices\": [\n                      {\n                        \"Variable\": \"$.PackageTypeExists\",\n                        \"BooleanEquals\": false,\n                        \"Next\": \"InsertPackageType\"\n                      },\n                      {\n                        \"Variable\": \"$.PackageTypeExists\",\n                        \"BooleanEquals\": true,\n                        \"Next\": \"SkipPackageTypeCreation\"\n                      }\n                    ]\n                  },\n                  \"InsertPackageType\": {\n                    \"Type\": \"Task\",\n                    \"Resource\": \"arn:aws:states:::lambda:invoke\",\n                    \"Parameters\": {\n                      \"FunctionName\": \"arn:aws:lambda:us-west-2:590316689173:function:get-inventory-data-gjh\",\n                      \"Payload\": {\n                        \"OperationName\": \"InsertPackageType\",\n                        \"StockResult.$\": \"$\"\n                      }\n                    },\n                    \"ResultPath\": \"$\",\n                    \"OutputPath\":\"$.Payload.PackageType\",\n                    \"End\": true\n                  },\n                  \"SkipPackageTypeCreation\": {\n                    \"Type\": \"Pass\",\n                    \"OutputPath\":\"$.PackageType\",\n                    \"End\": true\n                  }\n                }\n              }\n            ]\n            \n          },\n          \"CombineResults\": {\n            \"Type\": \"Pass\",\n            \"Parameters\": {\n              \"Color.$\": \"$.lambdaResults[0]\",\n              \"PackageType.$\": \"$.lambdaResults[1]\",\n              \"InventoryPurchase.$\": \"$.InventoryPurchase\"\n            },\n            \"Next\": \"InsertStockItem\"\n          },\n          \"InsertStockItem\": {\n            \"Type\": \"Task\",\n            \"Resource\": \"arn:aws:states:::lambda:invoke\",\n            \"Parameters\": {\n              \"FunctionName\": \"arn:aws:lambda:us-west-2:590316689173:function:get-inventory-data-gjh\",\n              \"Payload\": {\n                \"OperationName\": \"InsertStockItem\",\n                \"StockResult.$\": \"$\"\n              }\n            },\n            \"ResultPath\": \"$\",\n            \"OutputPath\":\"$.Payload\",\n            \"Next\": \"UpdateInventoryQty\"\n          },\n          \"UpdateInventoryQty\": {\n            \"Type\": \"Task\",\n            \"Resource\": \"arn:aws:states:::lambda:invoke\",\n            \"Parameters\": {\n              \"FunctionName\": \"arn:aws:lambda:us-west-2:590316689173:function:get-inventory-data-gjh\",\n              \"Payload\": {\n                \"OperationName\": \"UpdateInventoryQty\",\n                \"StockResult.$\": \"$\"\n              }\n            },\n            \"End\": true\n          }\n        }\n      },\n      \"End\": true\n    }\n  }\n}\n",
            "id": "arn:aws:states:us-west-2:590316689173:stateMachine:inventory-import-gjh",
            "logging_configuration": [
              {
                "include_execution_data": false,
                "level": "OFF",
                "log_destination": ""
              }
            ],
            "name": "inventory-import-gjh",
            "role_arn": "arn:aws:iam::590316689173:role/iam_for_sfn_assume_role-gjh",
            "status": "ACTIVE",
            "tags": {},
            "type": "STANDARD"
          },
          "sensitive_attributes": [],
          "private": "bnVsbA==",
          "dependencies": [
            "aws_iam_role.iam_for_lambda",
            "aws_iam_role.iam_for_sfn",
            "aws_lambda_function.data_lambda"
          ]
        }
      ]
    }
  ]
}
