{
  "version": 4,
  "terraform_version": "0.14.8",
  "serial": 120,
  "lineage": "94ff616a-ab5e-36f1-e1b7-2fecd998e015",
  "outputs": {},
  "resources": [
    {
      "mode": "data",
      "type": "aws_caller_identity",
      "name": "current",
      "provider": "provider[\"registry.terraform.io/hashicorp/aws\"]",
      "instances": [
        {
          "schema_version": 0,
          "attributes": {
            "account_id": "590316689173",
            "arn": "arn:aws:iam::590316689173:user/gharris@axian.com",
            "id": "590316689173",
            "user_id": "AIDAYS4M524KSUOVR4QLB"
          },
          "sensitive_attributes": []
        }
      ]
    },
    {
      "mode": "managed",
      "type": "aws_dynamodb_table",
      "name": "db",
      "provider": "provider[\"registry.terraform.io/hashicorp/aws\"]",
      "instances": [
        {
          "schema_version": 1,
          "attributes": {
            "arn": "arn:aws:dynamodb:us-west-2:590316689173:table/PurchaseOrders-gjh",
            "attribute": [
              {
                "name": "PurchaseId",
                "type": "S"
              }
            ],
            "billing_mode": "PAY_PER_REQUEST",
            "global_secondary_index": [],
            "hash_key": "PurchaseId",
            "id": "PurchaseOrders-gjh",
            "local_secondary_index": [],
            "name": "PurchaseOrders-gjh",
            "point_in_time_recovery": [
              {
                "enabled": false
              }
            ],
            "range_key": null,
            "read_capacity": 0,
            "replica": [],
            "server_side_encryption": [],
            "stream_arn": "arn:aws:dynamodb:us-west-2:590316689173:table/PurchaseOrders-gjh/stream/2021-03-10T21:18:37.296",
            "stream_enabled": true,
            "stream_label": "2021-03-10T21:18:37.296",
            "stream_view_type": "NEW_IMAGE",
            "tags": {},
            "timeouts": null,
            "ttl": [
              {
                "attribute_name": "",
                "enabled": false
              }
            ],
            "write_capacity": 0
          },
          "sensitive_attributes": [],
          "private": "eyJlMmJmYjczMC1lY2FhLTExZTYtOGY4OC0zNDM2M2JjN2M0YzAiOnsiY3JlYXRlIjo2MDAwMDAwMDAwMDAsImRlbGV0ZSI6NjAwMDAwMDAwMDAwLCJ1cGRhdGUiOjM2MDAwMDAwMDAwMDB9LCJzY2hlbWFfdmVyc2lvbiI6IjEifQ=="
        }
      ]
    },
    {
      "mode": "managed",
      "type": "aws_iam_role",
      "name": "iam_for_lambda",
      "provider": "provider[\"registry.terraform.io/hashicorp/aws\"]",
      "instances": [
        {
          "schema_version": 0,
          "attributes": {
            "arn": "arn:aws:iam::590316689173:role/iam_for_lambda-gjh",
            "assume_role_policy": "{\"Version\":\"2012-10-17\",\"Statement\":[{\"Sid\":\"\",\"Effect\":\"Allow\",\"Principal\":{\"Service\":\"lambda.amazonaws.com\"},\"Action\":\"sts:AssumeRole\"}]}",
            "create_date": "2021-03-10T21:18:37Z",
            "description": "",
            "force_detach_policies": false,
            "id": "iam_for_lambda-gjh",
            "inline_policy": [
              {
                "name": "iam_for_lambda_main_role-gjh",
                "policy": "{\r\n  \"Version\": \"2012-10-17\",\r\n  \"Statement\": [\r\n      {\r\n            \"Effect\": \"Allow\",\r\n            \"Action\": [\r\n                \"dynamodb:DescribeStream\",\r\n                \"dynamodb:GetRecords\",\r\n                \"dynamodb:GetShardIterator\",\r\n                \"dyanmodb:ListStreams\"\r\n            ],\r\n            \"Resource\": [\r\n                \"arn:aws:dynamodb:us-west-2:590316689173:table/*\"\r\n            ]\r\n        },\r\n        {\r\n            \"Effect\": \"Allow\",\r\n            \"Action\": [\r\n                \"logs:CreateLogGroup\",\r\n        \"logs:CreateLogStream\",\r\n        \"logs:PutLogEvents\"\r\n            ],\r\n            \"Resource\": [\r\n                \"*\"\r\n            ]\r\n        },\r\n        {\r\n            \"Effect\": \"Allow\",\r\n            \"Action\": [\r\n                \"states:StartExecution\"\r\n            ],\r\n            \"Resource\": [\r\n                \"arn:aws:states:us-west-2:590316689173:stateMachine:*\"\r\n            ]\r\n        }\r\n    ]\r\n}\r\n"
              }
            ],
            "managed_policy_arns": [],
            "max_session_duration": 3600,
            "name": "iam_for_lambda-gjh",
            "name_prefix": null,
            "path": "/",
            "permissions_boundary": null,
            "tags": {},
            "unique_id": "AROAYS4M524K4LHATQKEK"
          },
          "sensitive_attributes": [],
          "private": "bnVsbA=="
        }
      ]
    },
    {
      "mode": "managed",
      "type": "aws_iam_role",
      "name": "iam_for_sfn",
      "provider": "provider[\"registry.terraform.io/hashicorp/aws\"]",
      "instances": [
        {
          "schema_version": 0,
          "attributes": {
            "arn": "arn:aws:iam::590316689173:role/iam_for_sfn_assume_role-gjh",
            "assume_role_policy": "{\"Version\":\"2012-10-17\",\"Statement\":[{\"Sid\":\"\",\"Effect\":\"Allow\",\"Principal\":{\"Service\":\"states.amazonaws.com\"},\"Action\":\"sts:AssumeRole\"}]}",
            "create_date": "2021-03-10T21:18:37Z",
            "description": "",
            "force_detach_policies": false,
            "id": "iam_for_sfn_assume_role-gjh",
            "inline_policy": [
              {
                "name": "iam_for_sfn_main_role-gjh",
                "policy": "{\r\n  \"Version\": \"2012-10-17\",\r\n  \"Statement\": [\r\n      {\r\n            \"Effect\": \"Allow\",\r\n            \"Action\": [\r\n                \"lambda:InvokeFunction\"\r\n            ],\r\n            \"Resource\": [\r\n                \"arn:aws:lambda:us-west-2:590316689173:function:*\"\r\n            ]\r\n        }\r\n    ]\r\n}\r\n"
              }
            ],
            "managed_policy_arns": [],
            "max_session_duration": 3600,
            "name": "iam_for_sfn_assume_role-gjh",
            "name_prefix": null,
            "path": "/",
            "permissions_boundary": null,
            "tags": {},
            "unique_id": "AROAYS4M524KTP42HLV6N"
          },
          "sensitive_attributes": [],
          "private": "bnVsbA=="
        }
      ]
    },
    {
      "mode": "managed",
      "type": "aws_iam_role_policy",
      "name": "iam_policy_for_lambda",
      "provider": "provider[\"registry.terraform.io/hashicorp/aws\"]",
      "instances": [
        {
          "schema_version": 0,
          "attributes": {
            "id": "iam_for_lambda-gjh:iam_for_lambda_main_role-gjh",
            "name": "iam_for_lambda_main_role-gjh",
            "name_prefix": null,
            "policy": "{\r\n  \"Version\": \"2012-10-17\",\r\n  \"Statement\": [\r\n      {\r\n            \"Effect\": \"Allow\",\r\n            \"Action\": [\r\n                \"dynamodb:DescribeStream\",\r\n                \"dynamodb:GetRecords\",\r\n                \"dynamodb:GetShardIterator\",\r\n                \"dyanmodb:ListStreams\"\r\n            ],\r\n            \"Resource\": [\r\n                \"arn:aws:dynamodb:us-west-2:590316689173:table/*\"\r\n            ]\r\n        },\r\n        {\r\n            \"Effect\": \"Allow\",\r\n            \"Action\": [\r\n                \"logs:CreateLogGroup\",\r\n        \"logs:CreateLogStream\",\r\n        \"logs:PutLogEvents\"\r\n            ],\r\n            \"Resource\": [\r\n                \"*\"\r\n            ]\r\n        },\r\n        {\r\n            \"Effect\": \"Allow\",\r\n            \"Action\": [\r\n                \"states:StartExecution\"\r\n            ],\r\n            \"Resource\": [\r\n                \"arn:aws:states:us-west-2:590316689173:stateMachine:*\"\r\n            ]\r\n        }\r\n    ]\r\n}\r\n",
            "role": "iam_for_lambda-gjh"
          },
          "sensitive_attributes": [],
          "private": "bnVsbA==",
          "dependencies": [
            "aws_iam_role.iam_for_lambda",
            "data.aws_caller_identity.current"
          ]
        }
      ]
    },
    {
      "mode": "managed",
      "type": "aws_iam_role_policy",
      "name": "iam_policy_for_sfn",
      "provider": "provider[\"registry.terraform.io/hashicorp/aws\"]",
      "instances": [
        {
          "schema_version": 0,
          "attributes": {
            "id": "iam_for_sfn_assume_role-gjh:iam_for_sfn_main_role-gjh",
            "name": "iam_for_sfn_main_role-gjh",
            "name_prefix": null,
            "policy": "{\r\n  \"Version\": \"2012-10-17\",\r\n  \"Statement\": [\r\n      {\r\n            \"Effect\": \"Allow\",\r\n            \"Action\": [\r\n                \"lambda:InvokeFunction\"\r\n            ],\r\n            \"Resource\": [\r\n                \"arn:aws:lambda:us-west-2:590316689173:function:*\"\r\n            ]\r\n        }\r\n    ]\r\n}\r\n",
            "role": "iam_for_sfn_assume_role-gjh"
          },
          "sensitive_attributes": [],
          "private": "bnVsbA==",
          "dependencies": [
            "aws_iam_role.iam_for_sfn",
            "data.aws_caller_identity.current"
          ]
        }
      ]
    },
    {
      "mode": "managed",
      "type": "aws_lambda_event_source_mapping",
      "name": "document_table_stream",
      "provider": "provider[\"registry.terraform.io/hashicorp/aws\"]",
      "instances": [
        {
          "schema_version": 0,
          "attributes": {
            "batch_size": 100,
            "bisect_batch_on_function_error": true,
            "destination_config": [],
            "enabled": true,
            "event_source_arn": "arn:aws:dynamodb:us-west-2:590316689173:table/PurchaseOrders-gjh/stream/2021-03-10T21:18:37.296",
            "function_arn": "arn:aws:lambda:us-west-2:590316689173:function:stream-purchase-gjh",
            "function_name": "arn:aws:lambda:us-west-2:590316689173:function:stream-purchase-gjh",
            "id": "3b36b622-fd73-4ad6-b6e7-405c0ebe2ed9",
            "last_modified": "2021-03-10T23:42:00Z",
            "last_processing_result": "OK",
            "maximum_batching_window_in_seconds": 0,
            "maximum_record_age_in_seconds": 604800,
            "maximum_retry_attempts": 2,
            "parallelization_factor": 1,
            "starting_position": "LATEST",
            "starting_position_timestamp": null,
            "state": "Enabled",
            "state_transition_reason": "User action",
            "topics": [],
            "uuid": "3b36b622-fd73-4ad6-b6e7-405c0ebe2ed9"
          },
          "sensitive_attributes": [],
          "private": "bnVsbA==",
          "dependencies": [
            "aws_dynamodb_table.db",
            "aws_iam_role.iam_for_lambda",
            "aws_iam_role.iam_for_sfn",
            "aws_lambda_function.data_lambda",
            "aws_lambda_function.streamer_lambda",
            "aws_sfn_state_machine.sfn_state_machine"
          ]
        }
      ]
    },
    {
      "mode": "managed",
      "type": "aws_lambda_function",
      "name": "data_lambda",
      "provider": "provider[\"registry.terraform.io/hashicorp/aws\"]",
      "instances": [
        {
          "schema_version": 0,
          "attributes": {
            "arn": "arn:aws:lambda:us-west-2:590316689173:function:get-inventory-data-gjh",
            "code_signing_config_arn": "",
            "dead_letter_config": [],
            "description": "",
            "environment": [
              {
                "variables": {
                  "DATABASE": "WideWorldImporters",
                  "DB_ENDPOINT": "ffthh-sql-server.database.windows.net",
                  "PASSWORD": "ldtime1!",
                  "USER": "ffthh"
                }
              }
            ],
            "file_system_config": [],
            "filename": "../GetDataLambda/src/GetDataLambda/bin/Release/netcoreapp3.1/GetDataLambda.zip",
            "function_name": "get-inventory-data-gjh",
            "handler": "GetDataLambda::GetDataLambda.Function::FunctionHandler",
            "id": "get-inventory-data-gjh",
            "image_config": [],
            "image_uri": "",
            "invoke_arn": "arn:aws:apigateway:us-west-2:lambda:path/2015-03-31/functions/arn:aws:lambda:us-west-2:590316689173:function:get-inventory-data-gjh/invocations",
            "kms_key_arn": "",
            "last_modified": "2021-03-10T23:54:17.022+0000",
            "layers": [],
            "memory_size": 128,
            "package_type": "Zip",
            "publish": false,
            "qualified_arn": "arn:aws:lambda:us-west-2:590316689173:function:get-inventory-data-gjh:$LATEST",
            "reserved_concurrent_executions": -1,
            "role": "arn:aws:iam::590316689173:role/iam_for_lambda-gjh",
            "runtime": "dotnetcore3.1",
            "s3_bucket": null,
            "s3_key": null,
            "s3_object_version": null,
            "signing_job_arn": "",
            "signing_profile_version_arn": "",
            "source_code_hash": "H7RzXWvy4dKvvJ8AEfG72liV07w7rar3jIBgNChmVuw=",
            "source_code_size": 2386867,
            "tags": {},
            "timeout": 30,
            "timeouts": null,
            "tracing_config": [
              {
                "mode": "PassThrough"
              }
            ],
            "version": "$LATEST",
            "vpc_config": []
          },
          "sensitive_attributes": [],
          "private": "eyJlMmJmYjczMC1lY2FhLTExZTYtOGY4OC0zNDM2M2JjN2M0YzAiOnsiY3JlYXRlIjo2MDAwMDAwMDAwMDB9fQ==",
          "dependencies": [
            "aws_iam_role.iam_for_lambda"
          ]
        }
      ]
    },
    {
      "mode": "managed",
      "type": "aws_lambda_function",
      "name": "insert_lambda",
      "provider": "provider[\"registry.terraform.io/hashicorp/aws\"]",
      "instances": [
        {
          "schema_version": 0,
          "attributes": {
            "arn": "arn:aws:lambda:us-west-2:590316689173:function:insert-inventory-gjh",
            "code_signing_config_arn": "",
            "dead_letter_config": [],
            "description": "",
            "environment": [
              {
                "variables": {
                  "DATABASE": "WideWorldImporters",
                  "DB_ENDPOINT": "ffthh-sql-server.database.windows.net",
                  "PASSWORD": "ldtime1!",
                  "USER": "ffthh"
                }
              }
            ],
            "file_system_config": [],
            "filename": "../UpdateInventoryLambda/src/UpdateInventoryLambda/bin/Release/netcoreapp3.1/UpdateInventoryLambda.zip",
            "function_name": "insert-inventory-gjh",
            "handler": "UpdateInventoryLambda::UpdateInventoryLambda.Function::FunctionHandler",
            "id": "insert-inventory-gjh",
            "image_config": [],
            "image_uri": "",
            "invoke_arn": "arn:aws:apigateway:us-west-2:lambda:path/2015-03-31/functions/arn:aws:lambda:us-west-2:590316689173:function:insert-inventory-gjh/invocations",
            "kms_key_arn": "",
            "last_modified": "2021-03-10T23:54:17.025+0000",
            "layers": [],
            "memory_size": 128,
            "package_type": "Zip",
            "publish": false,
            "qualified_arn": "arn:aws:lambda:us-west-2:590316689173:function:insert-inventory-gjh:$LATEST",
            "reserved_concurrent_executions": -1,
            "role": "arn:aws:iam::590316689173:role/iam_for_lambda-gjh",
            "runtime": "dotnetcore3.1",
            "s3_bucket": null,
            "s3_key": null,
            "s3_object_version": null,
            "signing_job_arn": "",
            "signing_profile_version_arn": "",
            "source_code_hash": "JcLpu2Mnhs+OIiDIB38XO5MrQd6Pl+g2l5OjUF9qGic=",
            "source_code_size": 2387669,
            "tags": {},
            "timeout": 30,
            "timeouts": null,
            "tracing_config": [
              {
                "mode": "PassThrough"
              }
            ],
            "version": "$LATEST",
            "vpc_config": []
          },
          "sensitive_attributes": [],
          "private": "eyJlMmJmYjczMC1lY2FhLTExZTYtOGY4OC0zNDM2M2JjN2M0YzAiOnsiY3JlYXRlIjo2MDAwMDAwMDAwMDB9fQ==",
          "dependencies": [
            "aws_iam_role.iam_for_lambda"
          ]
        }
      ]
    },
    {
      "mode": "managed",
      "type": "aws_lambda_function",
      "name": "streamer_lambda",
      "provider": "provider[\"registry.terraform.io/hashicorp/aws\"]",
      "instances": [
        {
          "schema_version": 0,
          "attributes": {
            "arn": "arn:aws:lambda:us-west-2:590316689173:function:stream-purchase-gjh",
            "code_signing_config_arn": "",
            "dead_letter_config": [],
            "description": "",
            "environment": [
              {
                "variables": {
                  "STEP_FUNCTION_ARN": "arn:aws:states:us-west-2:590316689173:stateMachine:inventory-import-gjh"
                }
              }
            ],
            "file_system_config": [],
            "filename": "../PurchaseStreamLambda/src/PurchaseStreamLambda/bin/Release/netcoreapp3.1/PurchaseStreamLambda.zip",
            "function_name": "stream-purchase-gjh",
            "handler": "PurchaseStreamLambda::PurchaseStreamLambda.Function::FunctionHandler",
            "id": "stream-purchase-gjh",
            "image_config": [],
            "image_uri": "",
            "invoke_arn": "arn:aws:apigateway:us-west-2:lambda:path/2015-03-31/functions/arn:aws:lambda:us-west-2:590316689173:function:stream-purchase-gjh/invocations",
            "kms_key_arn": "",
            "last_modified": "2021-03-10T23:48:34.800+0000",
            "layers": [],
            "memory_size": 128,
            "package_type": "Zip",
            "publish": false,
            "qualified_arn": "arn:aws:lambda:us-west-2:590316689173:function:stream-purchase-gjh:$LATEST",
            "reserved_concurrent_executions": -1,
            "role": "arn:aws:iam::590316689173:role/iam_for_lambda-gjh",
            "runtime": "dotnetcore3.1",
            "s3_bucket": null,
            "s3_key": null,
            "s3_object_version": null,
            "signing_job_arn": "",
            "signing_profile_version_arn": "",
            "source_code_hash": "4qpGoPSflgGhK5Xxo1gj8OeXSfyu4p3JvOgLxFcr31g=",
            "source_code_size": 536385,
            "tags": {},
            "timeout": 30,
            "timeouts": null,
            "tracing_config": [
              {
                "mode": "PassThrough"
              }
            ],
            "version": "$LATEST",
            "vpc_config": []
          },
          "sensitive_attributes": [],
          "private": "eyJlMmJmYjczMC1lY2FhLTExZTYtOGY4OC0zNDM2M2JjN2M0YzAiOnsiY3JlYXRlIjo2MDAwMDAwMDAwMDB9fQ==",
          "dependencies": [
            "aws_iam_role.iam_for_lambda",
            "aws_iam_role.iam_for_sfn",
            "aws_lambda_function.data_lambda",
            "aws_sfn_state_machine.sfn_state_machine"
          ]
        }
      ]
    },
    {
      "mode": "managed",
      "type": "aws_sfn_state_machine",
      "name": "sfn_state_machine",
      "provider": "provider[\"registry.terraform.io/hashicorp/aws\"]",
      "instances": [
        {
          "schema_version": 0,
          "attributes": {
            "arn": "arn:aws:states:us-west-2:590316689173:stateMachine:inventory-import-gjh",
            "creation_date": "2021-03-10T21:19:01Z",
            "definition": "{\r\n  \"Comment\": \"A Hello World example of the Amazon States Language using Pass states\",\r\n  \"StartAt\": \"Map State\",\r\n  \"States\": {\r\n    \"Map State\": {\r\n      \"ItemsPath\": \"$.PurchasedInventory\",\r\n      \"Type\": \"Map\",\r\n      \"MaxConcurrency\": 0,\r\n      \"Iterator\": {\r\n        \"StartAt\": \"GetStockInfo\",\r\n        \"States\": {\r\n          \"GetStockInfo\": {\r\n            \"Type\": \"Task\",\r\n            \"Resource\": \"arn:aws:states:::lambda:invoke\",\r\n            \"Parameters\": {\r\n              \"FunctionName\": \"arn:aws:lambda:us-west-2:590316689173:function:get-inventory-data-gjh\",\r\n              \"Payload.$\": \"$\"\r\n            },\r\n            \"ResultPath\": \"$\",\r\n            \"OutputPath\":\"$.Payload\",\r\n            \"Next\": \"StockItemExists\"\r\n          },\r\n          \"StockItemExists\": {\r\n            \"Type\": \"Choice\",\r\n            \"Choices\": [\r\n              {\r\n                \"Variable\": \"$.StockItemExists\",\r\n                \"BooleanEquals\": false,\r\n                \"Next\": \"AddNewStock\"\r\n              },\r\n              {\r\n                \"Variable\": \"$.StockItemExists\",\r\n                \"BooleanEquals\": true,\r\n                \"Next\": \"UpdateInventoryQty\"\r\n              }\r\n            ]\r\n          },\r\n          \"AddNewStock\": {\r\n            \"Type\": \"Parallel\",\r\n            \"Next\": \"CombineResults\",\r\n            \"ResultPath\": \"$.lambdaResults\",\r\n            \"Branches\": [\r\n              {\r\n                \"StartAt\": \"ColorExists\",\r\n                \"States\": {\r\n                  \"ColorExists\": {\r\n                    \"Type\": \"Choice\",\r\n                    \"Choices\": [\r\n                      {\r\n                        \"Variable\": \"$.ColorExists\",\r\n                        \"BooleanEquals\": false,\r\n                        \"Next\": \"InsertColor\"\r\n                      },\r\n                      {\r\n                        \"Variable\": \"$.ColorExists\",\r\n                        \"BooleanEquals\": true,\r\n                        \"Next\": \"SkipColorCreation\"\r\n                      }\r\n                    ]\r\n                  },\r\n                  \"InsertColor\": {\r\n                    \"Type\": \"Task\",\r\n                    \"Resource\": \"arn:aws:states:::lambda:invoke\",\r\n                    \"Parameters\": {\r\n                      \"FunctionName\": \"arn:aws:lambda:us-west-2:590316689173:function:get-inventory-data-gjh\",\r\n                      \"Payload\": {\r\n                        \"OperationName\": \"InsertColor\",\r\n                        \"StockResult.$\": \"$\"\r\n                      }\r\n                    },\r\n                    \"ResultPath\": \"$\",\r\n                    \"OutputPath\":\"$.Payload.Color\",\r\n                    \"End\": true\r\n                  },\r\n                  \"SkipColorCreation\": {\r\n                    \"Type\": \"Pass\",\r\n                    \"OutputPath\":\"$.Color\",\r\n                    \"End\": true\r\n                  }\r\n                }\r\n              },\r\n              {\r\n                \"StartAt\": \"PackageTypeExists\",\r\n                \"States\": {\r\n                  \"PackageTypeExists\": {\r\n                    \"Type\": \"Choice\",\r\n                    \"Choices\": [\r\n                      {\r\n                        \"Variable\": \"$.PackageTypeExists\",\r\n                        \"BooleanEquals\": false,\r\n                        \"Next\": \"InsertPackageType\"\r\n                      },\r\n                      {\r\n                        \"Variable\": \"$.PackageTypeExists\",\r\n                        \"BooleanEquals\": true,\r\n                        \"Next\": \"SkipPackageTypeCreation\"\r\n                      }\r\n                    ]\r\n                  },\r\n                  \"InsertPackageType\": {\r\n                    \"Type\": \"Task\",\r\n                    \"Resource\": \"arn:aws:states:::lambda:invoke\",\r\n                    \"Parameters\": {\r\n                      \"FunctionName\": \"arn:aws:lambda:us-west-2:590316689173:function:get-inventory-data-gjh\",\r\n                      \"Payload\": {\r\n                        \"OperationName\": \"InsertPackageType\",\r\n                        \"StockResult.$\": \"$\"\r\n                      }\r\n                    },\r\n                    \"ResultPath\": \"$\",\r\n                    \"OutputPath\":\"$.Payload.PackageType\",\r\n                    \"End\": true\r\n                  },\r\n                  \"SkipPackageTypeCreation\": {\r\n                    \"Type\": \"Pass\",\r\n                    \"OutputPath\":\"$.PackageType\",\r\n                    \"End\": true\r\n                  }\r\n                }\r\n              }\r\n            ]\r\n            \r\n          },\r\n          \"CombineResults\": {\r\n            \"Type\": \"Pass\",\r\n            \"Parameters\": {\r\n              \"Color.$\": \"$.lambdaResults[0]\",\r\n              \"PackageType.$\": \"$.lambdaResults[1]\",\r\n              \"InventoryPurchase.$\": \"$.InventoryPurchase\"\r\n            },\r\n            \"Next\": \"InsertStockItem\"\r\n          },\r\n          \"InsertStockItem\": {\r\n            \"Type\": \"Task\",\r\n            \"Resource\": \"arn:aws:states:::lambda:invoke\",\r\n            \"Parameters\": {\r\n              \"FunctionName\": \"arn:aws:lambda:us-west-2:590316689173:function:get-inventory-data-gjh\",\r\n              \"Payload\": {\r\n                \"OperationName\": \"InsertStockItem\",\r\n                \"StockResult.$\": \"$\"\r\n              }\r\n            },\r\n            \"ResultPath\": \"$\",\r\n            \"OutputPath\":\"$.Payload\",\r\n            \"Next\": \"UpdateInventoryQty\"\r\n          },\r\n          \"UpdateInventoryQty\": {\r\n            \"Type\": \"Task\",\r\n            \"Resource\": \"arn:aws:states:::lambda:invoke\",\r\n            \"Parameters\": {\r\n              \"FunctionName\": \"arn:aws:lambda:us-west-2:590316689173:function:get-inventory-data-gjh\",\r\n              \"Payload\": {\r\n                \"OperationName\": \"UpdateInventoryQty\",\r\n                \"StockResult.$\": \"$\"\r\n              }\r\n            },\r\n            \"End\": true\r\n          }\r\n        }\r\n      },\r\n      \"End\": true\r\n    }\r\n  }\r\n}\r\n",
            "id": "arn:aws:states:us-west-2:590316689173:stateMachine:inventory-import-gjh",
            "logging_configuration": [
              {
                "include_execution_data": false,
                "level": "OFF",
                "log_destination": ""
              }
            ],
            "name": "inventory-import-gjh",
            "role_arn": "arn:aws:iam::590316689173:role/iam_for_sfn_assume_role-gjh",
            "status": "ACTIVE",
            "tags": {},
            "type": "STANDARD"
          },
          "sensitive_attributes": [],
          "private": "bnVsbA==",
          "dependencies": [
            "aws_iam_role.iam_for_lambda",
            "aws_iam_role.iam_for_sfn",
            "aws_lambda_function.data_lambda"
          ]
        }
      ]
    }
  ]
}
